
Microsoft Visual Studio Solution File, Format Version 12.00
# Visual Studio Version 17
VisualStudioVersion = 17.7.34031.279
MinimumVisualStudioVersion = 10.0.40219.1
Project("{FAE04EC0-301F-11D3-BF4B-00C04F79EFBC}") = "CajeroMenu", "CajeroMenu.csproj", "{F3FAB158-26FD-438D-BA97-449D12B978DC}"
EndProject
Global
	GlobalSection(SolutionConfigurationPlatforms) = preSolution
		Debug|Any CPU = Debug|Any CPU
		Release|Any CPU = Release|Any CPU
	EndGlobalSection
	GlobalSection(ProjectConfigurationPlatforms) = postSolution
		{F3FAB158-26FD-438D-BA97-449D12B978DC}.Debug|Any CPU.ActiveCfg = Debug|Any CPU
		{F3FAB158-26FD-438D-BA97-449D12B978DC}.Debug|Any CPU.Build.0 = Debug|Any CPU
		{F3FAB158-26FD-438D-BA97-449D12B978DC}.Release|Any CPU.ActiveCfg = Release|Any CPU
		{F3FAB158-26FD-438D-BA97-449D12B978DC}.Release|Any CPU.Build.0 = Release|Any CPU
	EndGlobalSection
	GlobalSection(SolutionProperties) = preSolution
		HideSolutionNode = FALSE
	EndGlobalSection
	GlobalSection(ExtensibilityGlobals) = postSolution
		SolutionGuid = {38FA061A-2C86-41E6-8160-11E794EF9134}
	EndGlobalSection
EndGlobal
